// !$*UTF8*$!
{
	archiveVersion = 1;
	classes = {
	};
	objectVersion = 46;
	objects = {

/* Begin PBXBuildFile section */
		A4E241C8190A59E3008AE12F /* Foundation.framework in Frameworks */ = {isa = PBXBuildFile; fileRef = A4E241C7190A59E3008AE12F /* Foundation.framework */; };
		A4E241CA190A59E3008AE12F /* CoreGraphics.framework in Frameworks */ = {isa = PBXBuildFile; fileRef = A4E241C9190A59E3008AE12F /* CoreGraphics.framework */; };
		A4E241CC190A59E3008AE12F /* UIKit.framework in Frameworks */ = {isa = PBXBuildFile; fileRef = A4E241CB190A59E3008AE12F /* UIKit.framework */; };
		A4E241CE190A59E3008AE12F /* CoreData.framework in Frameworks */ = {isa = PBXBuildFile; fileRef = A4E241CD190A59E3008AE12F /* CoreData.framework */; };
		A4E241D4190A59E3008AE12F /* InfoPlist.strings in Resources */ = {isa = PBXBuildFile; fileRef = A4E241D2190A59E3008AE12F /* InfoPlist.strings */; };
		A4E241D6190A59E3008AE12F /* main.m in Sources */ = {isa = PBXBuildFile; fileRef = A4E241D5190A59E3008AE12F /* main.m */; };
		A4E241DA190A59E3008AE12F /* TDFAppDelegate.m in Sources */ = {isa = PBXBuildFile; fileRef = A4E241D9190A59E3008AE12F /* TDFAppDelegate.m */; };
		A4E241DD190A59E3008AE12F /* TitaniumDragonfly2.xcdatamodeld in Sources */ = {isa = PBXBuildFile; fileRef = A4E241DB190A59E3008AE12F /* TitaniumDragonfly2.xcdatamodeld */; };
		A4E241DF190A59E3008AE12F /* Images.xcassets in Resources */ = {isa = PBXBuildFile; fileRef = A4E241DE190A59E3008AE12F /* Images.xcassets */; };
		A4E241E6190A59E3008AE12F /* XCTest.framework in Frameworks */ = {isa = PBXBuildFile; fileRef = A4E241E5190A59E3008AE12F /* XCTest.framework */; };
		A4E241E7190A59E3008AE12F /* Foundation.framework in Frameworks */ = {isa = PBXBuildFile; fileRef = A4E241C7190A59E3008AE12F /* Foundation.framework */; };
		A4E241E8190A59E3008AE12F /* UIKit.framework in Frameworks */ = {isa = PBXBuildFile; fileRef = A4E241CB190A59E3008AE12F /* UIKit.framework */; };
		A4E241E9190A59E3008AE12F /* CoreData.framework in Frameworks */ = {isa = PBXBuildFile; fileRef = A4E241CD190A59E3008AE12F /* CoreData.framework */; };
		A4E241F1190A59E3008AE12F /* InfoPlist.strings in Resources */ = {isa = PBXBuildFile; fileRef = A4E241EF190A59E3008AE12F /* InfoPlist.strings */; };
		A4E241F3190A59E4008AE12F /* TitaniumDragonfly2Tests.m in Sources */ = {isa = PBXBuildFile; fileRef = A4E241F2190A59E4008AE12F /* TitaniumDragonfly2Tests.m */; };
/* End PBXBuildFile section */

/* Begin PBXContainerItemProxy section */
		A4E241EA190A59E3008AE12F /* PBXContainerItemProxy */ = {
			isa = PBXContainerItemProxy;
			containerPortal = A4E241BC190A59E3008AE12F /* Project object */;
			proxyType = 1;
			remoteGlobalIDString = A4E241C3190A59E3008AE12F;
			remoteInfo = TitaniumDragonfly2;
		};
/* End PBXContainerItemProxy section */

/* Begin PBXFileReference section */
		A4E241C4190A59E3008AE12F /* TitaniumDragonfly2.app */ = {isa = PBXFileReference; explicitFileType = wrapper.application; includeInIndex = 0; path = TitaniumDragonfly2.app; sourceTree = BUILT_PRODUCTS_DIR; };
		A4E241C7190A59E3008AE12F /* Foundation.framework */ = {isa = PBXFileReference; lastKnownFileType = wrapper.framework; name = Foundation.framework; path = System/Library/Frameworks/Foundation.framework; sourceTree = SDKROOT; };
		A4E241C9190A59E3008AE12F /* CoreGraphics.framework */ = {isa = PBXFileReference; lastKnownFileType = wrapper.framework; name = CoreGraphics.framework; path = System/Library/Frameworks/CoreGraphics.framework; sourceTree = SDKROOT; };
		A4E241CB190A59E3008AE12F /* UIKit.framework */ = {isa = PBXFileReference; lastKnownFileType = wrapper.framework; name = UIKit.framework; path = System/Library/Frameworks/UIKit.framework; sourceTree = SDKROOT; };
		A4E241CD190A59E3008AE12F /* CoreData.framework */ = {isa = PBXFileReference; lastKnownFileType = wrapper.framework; name = CoreData.framework; path = System/Library/Frameworks/CoreData.framework; sourceTree = SDKROOT; };
		A4E241D1190A59E3008AE12F /* TitaniumDragonfly2-Info.plist */ = {isa = PBXFileReference; lastKnownFileType = text.plist.xml; path = "TitaniumDragonfly2-Info.plist"; sourceTree = "<group>"; };
		A4E241D3190A59E3008AE12F /* en */ = {isa = PBXFileReference; lastKnownFileType = text.plist.strings; name = en; path = en.lproj/InfoPlist.strings; sourceTree = "<group>"; };
		A4E241D5190A59E3008AE12F /* main.m */ = {isa = PBXFileReference; lastKnownFileType = sourcecode.c.objc; path = main.m; sourceTree = "<group>"; };
		A4E241D7190A59E3008AE12F /* TitaniumDragonfly2-Prefix.pch */ = {isa = PBXFileReference; lastKnownFileType = sourcecode.c.h; path = "TitaniumDragonfly2-Prefix.pch"; sourceTree = "<group>"; };
		A4E241D8190A59E3008AE12F /* TDFAppDelegate.h */ = {isa = PBXFileReference; lastKnownFileType = sourcecode.c.h; path = TDFAppDelegate.h; sourceTree = "<group>"; };
		A4E241D9190A59E3008AE12F /* TDFAppDelegate.m */ = {isa = PBXFileReference; lastKnownFileType = sourcecode.c.objc; path = TDFAppDelegate.m; sourceTree = "<group>"; };
		A4E241DC190A59E3008AE12F /* TitaniumDragonfly2.xcdatamodel */ = {isa = PBXFileReference; lastKnownFileType = wrapper.xcdatamodel; path = TitaniumDragonfly2.xcdatamodel; sourceTree = "<group>"; };
		A4E241DE190A59E3008AE12F /* Images.xcassets */ = {isa = PBXFileReference; lastKnownFileType = folder.assetcatalog; path = Images.xcassets; sourceTree = "<group>"; };
		A4E241E4190A59E3008AE12F /* TitaniumDragonfly2Tests.xctest */ = {isa = PBXFileReference; explicitFileType = wrapper.cfbundle; includeInIndex = 0; path = TitaniumDragonfly2Tests.xctest; sourceTree = BUILT_PRODUCTS_DIR; };
		A4E241E5190A59E3008AE12F /* XCTest.framework */ = {isa = PBXFileReference; lastKnownFileType = wrapper.framework; name = XCTest.framework; path = Library/Frameworks/XCTest.framework; sourceTree = DEVELOPER_DIR; };
		A4E241EE190A59E3008AE12F /* TitaniumDragonfly2Tests-Info.plist */ = {isa = PBXFileReference; lastKnownFileType = text.plist.xml; path = "TitaniumDragonfly2Tests-Info.plist"; sourceTree = "<group>"; };
		A4E241F0190A59E3008AE12F /* en */ = {isa = PBXFileReference; lastKnownFileType = text.plist.strings; name = en; path = en.lproj/InfoPlist.strings; sourceTree = "<group>"; };
		A4E241F2190A59E4008AE12F /* TitaniumDragonfly2Tests.m */ = {isa = PBXFileReference; lastKnownFileType = sourcecode.c.objc; path = TitaniumDragonfly2Tests.m; sourceTree = "<group>"; };
/* End PBXFileReference section */

/* Begin PBXFrameworksBuildPhase section */
		A4E241C1190A59E3008AE12F /* Frameworks */ = {
			isa = PBXFrameworksBuildPhase;
			buildActionMask = 2147483647;
			files = (
				A4E241CA190A59E3008AE12F /* CoreGraphics.framework in Frameworks */,
				A4E241CE190A59E3008AE12F /* CoreData.framework in Frameworks */,
				A4E241CC190A59E3008AE12F /* UIKit.framework in Frameworks */,
				A4E241C8190A59E3008AE12F /* Foundation.framework in Frameworks */,
			);
			runOnlyForDeploymentPostprocessing = 0;
		};
		A4E241E1190A59E3008AE12F /* Frameworks */ = {
			isa = PBXFrameworksBuildPhase;
			buildActionMask = 2147483647;
			files = (
				A4E241E6190A59E3008AE12F /* XCTest.framework in Frameworks */,
				A4E241E9190A59E3008AE12F /* CoreData.framework in Frameworks */,
				A4E241E8190A59E3008AE12F /* UIKit.framework in Frameworks */,
				A4E241E7190A59E3008AE12F /* Foundation.framework in Frameworks */,
			);
			runOnlyForDeploymentPostprocessing = 0;
		};
/* End PBXFrameworksBuildPhase section */

/* Begin PBXGroup section */
		A4E241BB190A59E3008AE12F = {
			isa = PBXGroup;
			children = (
				A4E241CF190A59E3008AE12F /* TitaniumDragonfly2 */,
				A4E241EC190A59E3008AE12F /* TitaniumDragonfly2Tests */,
				A4E241C6190A59E3008AE12F /* Frameworks */,
				A4E241C5190A59E3008AE12F /* Products */,
			);
			sourceTree = "<group>";
		};
		A4E241C5190A59E3008AE12F /* Products */ = {
			isa = PBXGroup;
			children = (
				A4E241C4190A59E3008AE12F /* TitaniumDragonfly2.app */,
				A4E241E4190A59E3008AE12F /* TitaniumDragonfly2Tests.xctest */,
			);
			name = Products;
			sourceTree = "<group>";
		};
		A4E241C6190A59E3008AE12F /* Frameworks */ = {
			isa = PBXGroup;
			children = (
				A4E241C7190A59E3008AE12F /* Foundation.framework */,
				A4E241C9190A59E3008AE12F /* CoreGraphics.framework */,
				A4E241CB190A59E3008AE12F /* UIKit.framework */,
				A4E241CD190A59E3008AE12F /* CoreData.framework */,
				A4E241E5190A59E3008AE12F /* XCTest.framework */,
			);
			name = Frameworks;
			sourceTree = "<group>";
		};
		A4E241CF190A59E3008AE12F /* TitaniumDragonfly2 */ = {
			isa = PBXGroup;
			children = (
				A4E241D8190A59E3008AE12F /* TDFAppDelegate.h */,
				A4E241D9190A59E3008AE12F /* TDFAppDelegate.m */,
				A4E241DE190A59E3008AE12F /* Images.xcassets */,
				A4E241DB190A59E3008AE12F /* TitaniumDragonfly2.xcdatamodeld */,
				A4E241D0190A59E3008AE12F /* Supporting Files */,
			);
			path = TitaniumDragonfly2;
			sourceTree = "<group>";
		};
		A4E241D0190A59E3008AE12F /* Supporting Files */ = {
			isa = PBXGroup;
			children = (
				A4E241D1190A59E3008AE12F /* TitaniumDragonfly2-Info.plist */,
				A4E241D2190A59E3008AE12F /* InfoPlist.strings */,
				A4E241D5190A59E3008AE12F /* main.m */,
				A4E241D7190A59E3008AE12F /* TitaniumDragonfly2-Prefix.pch */,
			);
			name = "Supporting Files";
			sourceTree = "<group>";
		};
		A4E241EC190A59E3008AE12F /* TitaniumDragonfly2Tests */ = {
			isa = PBXGroup;
			children = (
				A4E241F2190A59E4008AE12F /* TitaniumDragonfly2Tests.m */,
				A4E241ED190A59E3008AE12F /* Supporting Files */,
			);
			path = TitaniumDragonfly2Tests;
			sourceTree = "<group>";
		};
		A4E241ED190A59E3008AE12F /* Supporting Files */ = {
			isa = PBXGroup;
			children = (
				A4E241EE190A59E3008AE12F /* TitaniumDragonfly2Tests-Info.plist */,
				A4E241EF190A59E3008AE12F /* InfoPlist.strings */,
			);
			name = "Supporting Files";
			sourceTree = "<group>";
		};
/* End PBXGroup section */

/* Begin PBXNativeTarget section */
		A4E241C3190A59E3008AE12F /* TitaniumDragonfly2 */ = {
			isa = PBXNativeTarget;
			buildConfigurationList = A4E241F6190A59E4008AE12F /* Build configuration list for PBXNativeTarget "TitaniumDragonfly2" */;
			buildPhases = (
				A4E241C0190A59E3008AE12F /* Sources */,
				A4E241C1190A59E3008AE12F /* Frameworks */,
				A4E241C2190A59E3008AE12F /* Resources */,
			);
			buildRules = (
			);
			dependencies = (
			);
			name = TitaniumDragonfly2;
			productName = TitaniumDragonfly2;
			productReference = A4E241C4190A59E3008AE12F /* TitaniumDragonfly2.app */;
			productType = "com.apple.product-type.application";
		};
		A4E241E3190A59E3008AE12F /* TitaniumDragonfly2Tests */ = {
			isa = PBXNativeTarget;
			buildConfigurationList = A4E241F9190A59E4008AE12F /* Build configuration list for PBXNativeTarget "TitaniumDragonfly2Tests" */;
			buildPhases = (
				A4E241E0190A59E3008AE12F /* Sources */,
				A4E241E1190A59E3008AE12F /* Frameworks */,
				A4E241E2190A59E3008AE12F /* Resources */,
			);
			buildRules = (
			);
			dependencies = (
				A4E241EB190A59E3008AE12F /* PBXTargetDependency */,
			);
			name = TitaniumDragonfly2Tests;
			productName = TitaniumDragonfly2Tests;
			productReference = A4E241E4190A59E3008AE12F /* TitaniumDragonfly2Tests.xctest */;
			productType = "com.apple.product-type.bundle.unit-test";
		};
/* End PBXNativeTarget section */

/* Begin PBXProject section */
		A4E241BC190A59E3008AE12F /* Project object */ = {
			isa = PBXProject;
			attributes = {
				CLASSPREFIX = TDF;
				LastUpgradeCheck = 0510;
				TargetAttributes = {
					A4E241E3190A59E3008AE12F = {
						TestTargetID = A4E241C3190A59E3008AE12F;
					};
				};
			};
			buildConfigurationList = A4E241BF190A59E3008AE12F /* Build configuration list for PBXProject "TitaniumDragonfly2" */;
			compatibilityVersion = "Xcode 3.2";
			developmentRegion = English;
			hasScannedForEncodings = 0;
			knownRegions = (
				en,
			);
			mainGroup = A4E241BB190A59E3008AE12F;
			productRefGroup = A4E241C5190A59E3008AE12F /* Products */;
			projectDirPath = "";
			projectRoot = "";
			targets = (
				A4E241C3190A59E3008AE12F /* TitaniumDragonfly2 */,
				A4E241E3190A59E3008AE12F /* TitaniumDragonfly2Tests */,
			);
		};
/* End PBXProject section */

/* Begin PBXResourcesBuildPhase section */
		A4E241C2190A59E3008AE12F /* Resources */ = {
			isa = PBXResourcesBuildPhase;
			buildActionMask = 2147483647;
			files = (
				A4E241D4190A59E3008AE12F /* InfoPlist.strings in Resources */,
				A4E241DF190A59E3008AE12F /* Images.xcassets in Resources */,
			);
			runOnlyForDeploymentPostprocessing = 0;
		};
		A4E241E2190A59E3008AE12F /* Resources */ = {
			isa = PBXResourcesBuildPhase;
			buildActionMask = 2147483647;
			files = (
				A4E241F1190A59E3008AE12F /* InfoPlist.strings in Resources */,
			);
			runOnlyForDeploymentPostprocessing = 0;
		};
/* End PBXResourcesBuildPhase section */

/* Begin PBXSourcesBuildPhase section */
		A4E241C0190A59E3008AE12F /* Sources */ = {
			isa = PBXSourcesBuildPhase;
			buildActionMask = 2147483647;
			files = (
				A4E241D6190A59E3008AE12F /* main.m in Sources */,
				A4E241DD190A59E3008AE12F /* TitaniumDragonfly2.xcdatamodeld in Sources */,
				A4E241DA190A59E3008AE12F /* TDFAppDelegate.m in Sources */,
			);
			runOnlyForDeploymentPostprocessing = 0;
		};
		A4E241E0190A59E3008AE12F /* Sources */ = {
			isa = PBXSourcesBuildPhase;
			buildActionMask = 2147483647;
			files = (
				A4E241F3190A59E4008AE12F /* TitaniumDragonfly2Tests.m in Sources */,
			);
			runOnlyForDeploymentPostprocessing = 0;
		};
/* End PBXSourcesBuildPhase section */

/* Begin PBXTargetDependency section */
		A4E241EB190A59E3008AE12F /* PBXTargetDependency */ = {
			isa = PBXTargetDependency;
			target = A4E241C3190A59E3008AE12F /* TitaniumDragonfly2 */;
			targetProxy = A4E241EA190A59E3008AE12F /* PBXContainerItemProxy */;
		};
/* End PBXTargetDependency section */

/* Begin PBXVariantGroup section */
		A4E241D2190A59E3008AE12F /* InfoPlist.strings */ = {
			isa = PBXVariantGroup;
			children = (
				A4E241D3190A59E3008AE12F /* en */,
			);
			name = InfoPlist.strings;
			sourceTree = "<group>";
		};
		A4E241EF190A59E3008AE12F /* InfoPlist.strings */ = {
			isa = PBXVariantGroup;
			children = (
				A4E241F0190A59E3008AE12F /* en */,
			);
			name = InfoPlist.strings;
			sourceTree = "<group>";
		};
/* End PBXVariantGroup section */

/* Begin XCBuildConfiguration section */
		A4E241F4190A59E4008AE12F /* Debug */ = {
			isa = XCBuildConfiguration;
			buildSettings = {
				ALWAYS_SEARCH_USER_PATHS = NO;
				CLANG_CXX_LANGUAGE_STANDARD = "gnu++0x";
				CLANG_CXX_LIBRARY = "libc++";
				CLANG_ENABLE_MODULES = YES;
				CLANG_ENABLE_OBJC_ARC = YES;
				CLANG_WARN_BOOL_CONVERSION = YES;
				CLANG_WARN_CONSTANT_CONVERSION = YES;
				CLANG_WARN_DIRECT_OBJC_ISA_USAGE = YES_ERROR;
				CLANG_WARN_EMPTY_BODY = YES;
				CLANG_WARN_ENUM_CONVERSION = YES;
				CLANG_WARN_INT_CONVERSION = YES;
				CLANG_WARN_OBJC_ROOT_CLASS = YES_ERROR;
				CLANG_WARN__DUPLICATE_METHOD_MATCH = YES;
				"CODE_SIGN_IDENTITY[sdk=iphoneos*]" = "iPhone Developer";
				COPY_PHASE_STRIP = NO;
				GCC_C_LANGUAGE_STANDARD = gnu99;
				GCC_DYNAMIC_NO_PIC = NO;
				GCC_OPTIMIZATION_LEVEL = 0;
				GCC_PREPROCESSOR_DEFINITIONS = (
					"DEBUG=1",
					"$(inherited)",
				);
				GCC_SYMBOLS_PRIVATE_EXTERN = NO;
				GCC_WARN_64_TO_32_BIT_CONVERSION = YES;
				GCC_WARN_ABOUT_RETURN_TYPE = YES_ERROR;
				GCC_WARN_UNDECLARED_SELECTOR = YES;
				GCC_WARN_UNINITIALIZED_AUTOS = YES_AGGRESSIVE;
				GCC_WARN_UNUSED_FUNCTION = YES;
				GCC_WARN_UNUSED_VARIABLE = YES;
				IPHONEOS_DEPLOYMENT_TARGET = 7.1;
				ONLY_ACTIVE_ARCH = YES;
				SDKROOT = iphoneos;
				TARGETED_DEVICE_FAMILY = "1,2";
			};
			name = Debug;
		};
		A4E241F5190A59E4008AE12F /* Release */ = {
			isa = XCBuildConfiguration;
			buildSettings = {
				ALWAYS_SEARCH_USER_PATHS = NO;
				CLANG_CXX_LANGUAGE_STANDARD = "gnu++0x";
				CLANG_CXX_LIBRARY = "libc++";
				CLANG_ENABLE_MODULES = YES;
				CLANG_ENABLE_OBJC_ARC = YES;
				CLANG_WARN_BOOL_CONVERSION = YES;
				CLANG_WARN_CONSTANT_CONVERSION = YES;
				CLANG_WARN_DIRECT_OBJC_ISA_USAGE = YES_ERROR;
				CLANG_WARN_EMPTY_BODY = YES;
				CLANG_WARN_ENUM_CONVERSION = YES;
				CLANG_WARN_INT_CONVERSION = YES;
				CLANG_WARN_OBJC_ROOT_CLASS = YES_ERROR;
				CLANG_WARN__DUPLICATE_METHOD_MATCH = YES;
				"CODE_SIGN_IDENTITY[sdk=iphoneos*]" = "iPhone Developer";
				COPY_PHASE_STRIP = YES;
				ENABLE_NS_ASSERTIONS = NO;
				GCC_C_LANGUAGE_STANDARD = gnu99;
				GCC_WARN_64_TO_32_BIT_CONVERSION = YES;
				GCC_WARN_ABOUT_RETURN_TYPE = YES_ERROR;
				GCC_WARN_UNDECLARED_SELECTOR = YES;
				GCC_WARN_UNINITIALIZED_AUTOS = YES_AGGRESSIVE;
				GCC_WARN_UNUSED_FUNCTION = YES;
				GCC_WARN_UNUSED_VARIABLE = YES;
				IPHONEOS_DEPLOYMENT_TARGET = 7.1;
				SDKROOT = iphoneos;
				TARGETED_DEVICE_FAMILY = "1,2";
				VALIDATE_PRODUCT = YES;
			};
			name = Release;
		};
		A4E241F7190A59E4008AE12F /* Debug */ = {
			isa = XCBuildConfiguration;
			buildSettings = {
				ASSETCATALOG_COMPILER_APPICON_NAME = AppIcon;
				ASSETCATALOG_COMPILER_LAUNCHIMAGE_NAME = LaunchImage;
				GCC_PRECOMPILE_PREFIX_HEADER = YES;
				GCC_PREFIX_HEADER = "TitaniumDragonfly2/TitaniumDragonfly2-Prefix.pch";
				INFOPLIST_FILE = "TitaniumDragonfly2/TitaniumDragonfly2-Info.plist";
				PRODUCT_NAME = "$(TARGET_NAME)";
				WRAPPER_EXTENSION = app;
			};
			name = Debug;
		};
		A4E241F8190A59E4008AE12F /* Release */ = {
			isa = XCBuildConfiguration;
			buildSettings = {
				ASSETCATALOG_COMPILER_APPICON_NAME = AppIcon;
				ASSETCATALOG_COMPILER_LAUNCHIMAGE_NAME = LaunchImage;
				GCC_PRECOMPILE_PREFIX_HEADER = YES;
				GCC_PREFIX_HEADER = "TitaniumDragonfly2/TitaniumDragonfly2-Prefix.pch";
				INFOPLIST_FILE = "TitaniumDragonfly2/TitaniumDragonfly2-Info.plist";
				PRODUCT_NAME = "$(TARGET_NAME)";
				WRAPPER_EXTENSION = app;
			};
			name = Release;
		};
		A4E241FA190A59E4008AE12F /* Debug */ = {
			isa = XCBuildConfiguration;
			buildSettings = {
				BUNDLE_LOADER = "$(BUILT_PRODUCTS_DIR)/TitaniumDragonfly2.app/TitaniumDragonfly2";
				FRAMEWORK_SEARCH_PATHS = (
					"$(SDKROOT)/Developer/Library/Frameworks",
					"$(inherited)",
					"$(DEVELOPER_FRAMEWORKS_DIR)",
				);
				GCC_PRECOMPILE_PREFIX_HEADER = YES;
				GCC_PREFIX_HEADER = "TitaniumDragonfly2/TitaniumDragonfly2-Prefix.pch";
				GCC_PREPROCESSOR_DEFINITIONS = (
					"DEBUG=1",
					"$(inherited)",
				);
				INFOPLIST_FILE = "TitaniumDragonfly2Tests/TitaniumDragonfly2Tests-Info.plist";
				PRODUCT_NAME = "$(TARGET_NAME)";
				TEST_HOST = "$(BUNDLE_LOADER)";
				WRAPPER_EXTENSION = xctest;
			};
			name = Debug;
		};
		A4E241FB190A59E4008AE12F /* Release */ = {
			isa = XCBuildConfiguration;
			buildSettings = {
				BUNDLE_LOADER = "$(BUILT_PRODUCTS_DIR)/TitaniumDragonfly2.app/TitaniumDragonfly2";
				FRAMEWORK_SEARCH_PATHS = (
					"$(SDKROOT)/Developer/Library/Frameworks",
					"$(inherited)",
					"$(DEVELOPER_FRAMEWORKS_DIR)",
				);
				GCC_PRECOMPILE_PREFIX_HEADER = YES;
				GCC_PREFIX_HEADER = "TitaniumDragonfly2/TitaniumDragonfly2-Prefix.pch";
				INFOPLIST_FILE = "TitaniumDragonfly2Tests/TitaniumDragonfly2Tests-Info.plist";
				PRODUCT_NAME = "$(TARGET_NAME)";
				TEST_HOST = "$(BUNDLE_LOADER)";
				WRAPPER_EXTENSION = xctest;
			};
			name = Release;
		};
/* End XCBuildConfiguration section */

/* Begin XCConfigurationList section */
		A4E241BF190A59E3008AE12F /* Build configuration list for PBXProject "TitaniumDragonfly2" */ = {
			isa = XCConfigurationList;
			buildConfigurations = (
				A4E241F4190A59E4008AE12F /* Debug */,
				A4E241F5190A59E4008AE12F /* Release */,
			);
			defaultConfigurationIsVisible = 0;
			defaultConfigurationName = Release;
		};
		A4E241F6190A59E4008AE12F /* Build configuration list for PBXNativeTarget "TitaniumDragonfly2" */ = {
			isa = XCConfigurationList;
			buildConfigurations = (
				A4E241F7190A59E4008AE12F /* Debug */,
				A4E241F8190A59E4008AE12F /* Release */,
			);
			defaultConfigurationIsVisible = 0;
		};
		A4E241F9190A59E4008AE12F /* Build configuration list for PBXNativeTarget "TitaniumDragonfly2Tests" */ = {
			isa = XCConfigurationList;
			buildConfigurations = (
				A4E241FA190A59E4008AE12F /* Debug */,
				A4E241FB190A59E4008AE12F /* Release */,
			);
			defaultConfigurationIsVisible = 0;
		};
/* End XCConfigurationList section */

/* Begin XCVersionGroup section */
		A4E241DB190A59E3008AE12F /* TitaniumDragonfly2.xcdatamodeld */ = {
			isa = XCVersionGroup;
			children = (
				A4E241DC190A59E3008AE12F /* TitaniumDragonfly2.xcdatamodel */,
			);
			currentVersion = A4E241DC190A59E3008AE12F /* TitaniumDragonfly2.xcdatamodel */;
			path = TitaniumDragonfly2.xcdatamodeld;
			sourceTree = "<group>";
			versionGroupType = wrapper.xcdatamodel;
		};
/* End XCVersionGroup section */
	};
	rootObject = A4E241BC190A59E3008AE12F /* Project object */;
}
